{
  "name": "CC-Bedrock",
  "lockfileVersion": 2,
  "requires": true,
  "packages": {
    "": {
      "dependencies": {
        "@minecraft/server": "^1.1.0-beta.1.19.60-stable",
        "@minecraft/server-ui": "^1.0.0-beta.11940b24"
      },
      "devDependencies": {
        "@types/node": "^18.14.1",
        "fs": "^0.0.1-security"
      }
    },
    "node_modules/@minecraft/server": {
      "version": "1.1.0-beta.release.1.19.50",
      "resolved": "https://registry.npmjs.org/@minecraft/server/-/server-1.1.0-beta.release.1.19.50.tgz",
      "integrity": "sha512-cuyY7QMd5HgzI71Pu/Z7Ii6Ux4fNUf2q/OtXZn14+QTRlC3SaPrPvGIVkSswMhQbcPxL7+uRNtN3CAB3H3PJMA=="
    },
    "node_modules/@minecraft/server-ui": {
      "version": "1.0.0-beta.11940b24",
      "resolved": "https://registry.npmjs.org/@minecraft/server-ui/-/server-ui-1.0.0-beta.11940b24.tgz",
      "integrity": "sha512-/E4FKC5Wv5ALExzfT0L45xyawQGAwlRn9W5cs5GmvaTMVwndAcWF39oAcsQcsn/hKEpMzuVFsSIao/pm00+Cgg==",
      "dependencies": {
        "@minecraft/server": "1.0.0-beta.11940b24"
      }
    },
    "node_modules/@minecraft/server-ui/node_modules/@minecraft/server": {
      "version": "1.0.0-beta.11940b24",
      "resolved": "https://registry.npmjs.org/@minecraft/server/-/server-1.0.0-beta.11940b24.tgz",
      "integrity": "sha512-1d5hXQ/g+kWvpoWiQ/IInxTeOxM6RECQ2+l3bR4AmmZ58NRq4pPYevaEvhVs06yKeM/3FmSPVqBu1/Lr6gN1Rg=="
    },
    "node_modules/@types/node": {
      "version": "18.14.4",
      "resolved": "https://registry.npmjs.org/@types/node/-/node-18.14.4.tgz",
      "integrity": "sha512-VhCw7I7qO2X49+jaKcAUwi3rR+hbxT5VcYF493+Z5kMLI0DL568b7JI4IDJaxWFH0D/xwmGJNoXisyX+w7GH/g==",
      "dev": true
    },
    "node_modules/fs": {
      "version": "0.0.1-security",
      "resolved": "https://registry.npmjs.org/fs/-/fs-0.0.1-security.tgz",
      "integrity": "sha512-3XY9e1pP0CVEUCdj5BmfIZxRBTSDycnbqhIOGec9QYtmVH2fbLpj86CFWkrNOkt/Fvty4KZG5lTglL9j/gJ87w==",
      "dev": true
    }
  },
  "dependencies": {
    "@minecraft/server": {
      "version": "1.1.0-beta.release.1.19.50",
      "resolved": "https://registry.npmjs.org/@minecraft/server/-/server-1.1.0-beta.release.1.19.50.tgz",
      "integrity": "sha512-cuyY7QMd5HgzI71Pu/Z7Ii6Ux4fNUf2q/OtXZn14+QTRlC3SaPrPvGIVkSswMhQbcPxL7+uRNtN3CAB3H3PJMA=="
    },
    "@minecraft/server-ui": {
      "version": "1.0.0-beta.11940b24",
      "resolved": "https://registry.npmjs.org/@minecraft/server-ui/-/server-ui-1.0.0-beta.11940b24.tgz",
      "integrity": "sha512-/E4FKC5Wv5ALExzfT0L45xyawQGAwlRn9W5cs5GmvaTMVwndAcWF39oAcsQcsn/hKEpMzuVFsSIao/pm00+Cgg==",
      "requires": {
        "@minecraft/server": "1.0.0-beta.11940b24"
      },
      "dependencies": {
        "@minecraft/server": {
          "version": "1.0.0-beta.11940b24",
          "resolved": "https://registry.npmjs.org/@minecraft/server/-/server-1.0.0-beta.11940b24.tgz",
          "integrity": "sha512-1d5hXQ/g+kWvpoWiQ/IInxTeOxM6RECQ2+l3bR4AmmZ58NRq4pPYevaEvhVs06yKeM/3FmSPVqBu1/Lr6gN1Rg=="
        }
      }
    },
    "@types/node": {
      "version": "18.14.4",
      "resolved": "https://registry.npmjs.org/@types/node/-/node-18.14.4.tgz",
      "integrity": "sha512-VhCw7I7qO2X49+jaKcAUwi3rR+hbxT5VcYF493+Z5kMLI0DL568b7JI4IDJaxWFH0D/xwmGJNoXisyX+w7GH/g==",
      "dev": true
    },
    "fs": {
      "version": "0.0.1-security",
      "resolved": "https://registry.npmjs.org/fs/-/fs-0.0.1-security.tgz",
      "integrity": "sha512-3XY9e1pP0CVEUCdj5BmfIZxRBTSDycnbqhIOGec9QYtmVH2fbLpj86CFWkrNOkt/Fvty4KZG5lTglL9j/gJ87w==",
      "dev": true
    }
  }
}
